
Microsoft Visual Studio Solution File, Format Version 12.00
# Visual Studio Version 17
VisualStudioVersion = 17.11.35327.3
MinimumVisualStudioVersion = 10.0.40219.1
Project("{9A19103F-16F7-4668-BE54-9A1E7A4F7556}") = "WFInicial", "WFInicial\WFInicial.csproj", "{92A7CDA3-70B9-4FD8-ACB8-533550C7984F}"
EndProject
Project("{9A19103F-16F7-4668-BE54-9A1E7A4F7556}") = "CREx001", "CRevisao\CREx001.csproj", "{DE02D67D-6C15-4CB3-9D28-16C2845FCED2}"
EndProject
Project("{9A19103F-16F7-4668-BE54-9A1E7A4F7556}") = "CREx002", "CREx002\CREx002.csproj", "{79C6AD75-4686-4773-97E8-381E51739A0B}"
EndProject
Project("{9A19103F-16F7-4668-BE54-9A1E7A4F7556}") = "CREx003", "CREx003\CREx003.csproj", "{D3B69BC5-B5D6-4533-8158-6E3C127AC77C}"
EndProject
Project("{FAE04EC0-301F-11D3-BF4B-00C04F79EFBC}") = "CREx004", "CREx004\CREx004.csproj", "{5818F9C2-BFF4-4A2E-AC0E-2B2F6D46A118}"
EndProject
Project("{FAE04EC0-301F-11D3-BF4B-00C04F79EFBC}") = "CREx005", "CREx005\CREx005.csproj", "{3A15D13D-94C1-491D-87EC-C39B21A15129}"
EndProject
Project("{FAE04EC0-301F-11D3-BF4B-00C04F79EFBC}") = "CREx006", "CREx006\CREx006.csproj", "{21BE413A-2895-4B52-8C19-12ADD7D3AC65}"
EndProject
Global
	GlobalSection(SolutionConfigurationPlatforms) = preSolution
		Debug|Any CPU = Debug|Any CPU
		Release|Any CPU = Release|Any CPU
	EndGlobalSection
	GlobalSection(ProjectConfigurationPlatforms) = postSolution
		{92A7CDA3-70B9-4FD8-ACB8-533550C7984F}.Debug|Any CPU.ActiveCfg = Debug|Any CPU
		{92A7CDA3-70B9-4FD8-ACB8-533550C7984F}.Debug|Any CPU.Build.0 = Debug|Any CPU
		{92A7CDA3-70B9-4FD8-ACB8-533550C7984F}.Release|Any CPU.ActiveCfg = Release|Any CPU
		{92A7CDA3-70B9-4FD8-ACB8-533550C7984F}.Release|Any CPU.Build.0 = Release|Any CPU
		{DE02D67D-6C15-4CB3-9D28-16C2845FCED2}.Debug|Any CPU.ActiveCfg = Debug|Any CPU
		{DE02D67D-6C15-4CB3-9D28-16C2845FCED2}.Debug|Any CPU.Build.0 = Debug|Any CPU
		{DE02D67D-6C15-4CB3-9D28-16C2845FCED2}.Release|Any CPU.ActiveCfg = Release|Any CPU
		{DE02D67D-6C15-4CB3-9D28-16C2845FCED2}.Release|Any CPU.Build.0 = Release|Any CPU
		{79C6AD75-4686-4773-97E8-381E51739A0B}.Debug|Any CPU.ActiveCfg = Debug|Any CPU
		{79C6AD75-4686-4773-97E8-381E51739A0B}.Debug|Any CPU.Build.0 = Debug|Any CPU
		{79C6AD75-4686-4773-97E8-381E51739A0B}.Release|Any CPU.ActiveCfg = Release|Any CPU
		{79C6AD75-4686-4773-97E8-381E51739A0B}.Release|Any CPU.Build.0 = Release|Any CPU
		{D3B69BC5-B5D6-4533-8158-6E3C127AC77C}.Debug|Any CPU.ActiveCfg = Debug|Any CPU
		{D3B69BC5-B5D6-4533-8158-6E3C127AC77C}.Debug|Any CPU.Build.0 = Debug|Any CPU
		{D3B69BC5-B5D6-4533-8158-6E3C127AC77C}.Release|Any CPU.ActiveCfg = Release|Any CPU
		{D3B69BC5-B5D6-4533-8158-6E3C127AC77C}.Release|Any CPU.Build.0 = Release|Any CPU
		{5818F9C2-BFF4-4A2E-AC0E-2B2F6D46A118}.Debug|Any CPU.ActiveCfg = Debug|Any CPU
		{5818F9C2-BFF4-4A2E-AC0E-2B2F6D46A118}.Debug|Any CPU.Build.0 = Debug|Any CPU
		{5818F9C2-BFF4-4A2E-AC0E-2B2F6D46A118}.Release|Any CPU.ActiveCfg = Release|Any CPU
		{5818F9C2-BFF4-4A2E-AC0E-2B2F6D46A118}.Release|Any CPU.Build.0 = Release|Any CPU
		{3A15D13D-94C1-491D-87EC-C39B21A15129}.Debug|Any CPU.ActiveCfg = Debug|Any CPU
		{3A15D13D-94C1-491D-87EC-C39B21A15129}.Debug|Any CPU.Build.0 = Debug|Any CPU
		{3A15D13D-94C1-491D-87EC-C39B21A15129}.Release|Any CPU.ActiveCfg = Release|Any CPU
		{3A15D13D-94C1-491D-87EC-C39B21A15129}.Release|Any CPU.Build.0 = Release|Any CPU
		{21BE413A-2895-4B52-8C19-12ADD7D3AC65}.Debug|Any CPU.ActiveCfg = Debug|Any CPU
		{21BE413A-2895-4B52-8C19-12ADD7D3AC65}.Debug|Any CPU.Build.0 = Debug|Any CPU
		{21BE413A-2895-4B52-8C19-12ADD7D3AC65}.Release|Any CPU.ActiveCfg = Release|Any CPU
		{21BE413A-2895-4B52-8C19-12ADD7D3AC65}.Release|Any CPU.Build.0 = Release|Any CPU
	EndGlobalSection
	GlobalSection(SolutionProperties) = preSolution
		HideSolutionNode = FALSE
	EndGlobalSection
	GlobalSection(ExtensibilityGlobals) = postSolution
		SolutionGuid = {5C57341B-7CA5-4143-AE34-277D5BE00147}
	EndGlobalSection
EndGlobal
