
Microsoft Visual Studio Solution File, Format Version 12.00
# Visual Studio Version 17
VisualStudioVersion = 17.11.35327.3
MinimumVisualStudioVersion = 10.0.40219.1
Project("{9A19103F-16F7-4668-BE54-9A1E7A4F7556}") = "WFInicial", "WFInicial\WFInicial.csproj", "{92A7CDA3-70B9-4FD8-ACB8-533550C7984F}"
EndProject
Project("{9A19103F-16F7-4668-BE54-9A1E7A4F7556}") = "CREx001", "CRevisao\CREx001.csproj", "{DE02D67D-6C15-4CB3-9D28-16C2845FCED2}"
EndProject
Global
	GlobalSection(SolutionConfigurationPlatforms) = preSolution
		Debug|Any CPU = Debug|Any CPU
		Release|Any CPU = Release|Any CPU
	EndGlobalSection
	GlobalSection(ProjectConfigurationPlatforms) = postSolution
		{92A7CDA3-70B9-4FD8-ACB8-533550C7984F}.Debug|Any CPU.ActiveCfg = Debug|Any CPU
		{92A7CDA3-70B9-4FD8-ACB8-533550C7984F}.Debug|Any CPU.Build.0 = Debug|Any CPU
		{92A7CDA3-70B9-4FD8-ACB8-533550C7984F}.Release|Any CPU.ActiveCfg = Release|Any CPU
		{92A7CDA3-70B9-4FD8-ACB8-533550C7984F}.Release|Any CPU.Build.0 = Release|Any CPU
		{DE02D67D-6C15-4CB3-9D28-16C2845FCED2}.Debug|Any CPU.ActiveCfg = Debug|Any CPU
		{DE02D67D-6C15-4CB3-9D28-16C2845FCED2}.Debug|Any CPU.Build.0 = Debug|Any CPU
		{DE02D67D-6C15-4CB3-9D28-16C2845FCED2}.Release|Any CPU.ActiveCfg = Release|Any CPU
		{DE02D67D-6C15-4CB3-9D28-16C2845FCED2}.Release|Any CPU.Build.0 = Release|Any CPU
	EndGlobalSection
	GlobalSection(SolutionProperties) = preSolution
		HideSolutionNode = FALSE
	EndGlobalSection
	GlobalSection(ExtensibilityGlobals) = postSolution
		SolutionGuid = {5C57341B-7CA5-4143-AE34-277D5BE00147}
	EndGlobalSection
EndGlobal
